
Microsoft Visual Studio Solution File, Format Version 11.00
# Visual Studio 2010
Project("{8BC9CEB8-8B4A-11D0-8D11-00A0C91BC942}") = "DWCore", "VC100\DWCore.vcxproj", "{2834B803-B3FC-4B62-8F80-A3C82C262E9F}"
EndProject
Project("{8BC9CEB8-8B4A-11D0-8D11-00A0C91BC942}") = "ACE_Wrappers", "VC100\ACE_vc10.vcxproj", "{BD537C9A-FECA-1BAD-6757-8A6348EA12C8}"
EndProject
Project("{8BC9CEB8-8B4A-11D0-8D11-00A0C91BC942}") = "Util", "VC100\Util.vcxproj", "{90297C34-F231-4DF4-848E-A74BCC0E40ED}"
EndProject
Global
	GlobalSection(SolutionConfigurationPlatforms) = preSolution
		Debug|Win32 = Debug|Win32
		Release|Win32 = Release|Win32
	EndGlobalSection
	GlobalSection(ProjectConfigurationPlatforms) = postSolution
		{2834B803-B3FC-4B62-8F80-A3C82C262E9F}.Debug|Win32.ActiveCfg = Debug|Win32
		{2834B803-B3FC-4B62-8F80-A3C82C262E9F}.Debug|Win32.Build.0 = Debug|Win32
		{2834B803-B3FC-4B62-8F80-A3C82C262E9F}.Release|Win32.ActiveCfg = Release|Win32
		{2834B803-B3FC-4B62-8F80-A3C82C262E9F}.Release|Win32.Build.0 = Release|Win32
		{BD537C9A-FECA-1BAD-6757-8A6348EA12C8}.Debug|Win32.ActiveCfg = Debug|Win32
		{BD537C9A-FECA-1BAD-6757-8A6348EA12C8}.Debug|Win32.Build.0 = Debug|Win32
		{BD537C9A-FECA-1BAD-6757-8A6348EA12C8}.Release|Win32.ActiveCfg = Release|Win32
		{BD537C9A-FECA-1BAD-6757-8A6348EA12C8}.Release|Win32.Build.0 = Release|Win32
		{90297C34-F231-4DF4-848E-A74BCC0E40ED}.Debug|Win32.ActiveCfg = Debug|Win32
		{90297C34-F231-4DF4-848E-A74BCC0E40ED}.Debug|Win32.Build.0 = Debug|Win32
		{90297C34-F231-4DF4-848E-A74BCC0E40ED}.Release|Win32.ActiveCfg = Release|Win32
		{90297C34-F231-4DF4-848E-A74BCC0E40ED}.Release|Win32.Build.0 = Release|Win32
	EndGlobalSection
	GlobalSection(SolutionProperties) = preSolution
		HideSolutionNode = FALSE
	EndGlobalSection
EndGlobal
